
Microsoft Visual Studio Solution File, Format Version 12.00
# Visual Studio Express 2012 for Windows Desktop
Project("{8BC9CEB8-8B4A-11D0-8D11-00A0C91BC942}") = "tm_8bit_test", "tm_8bit_test\tm_8bit_test.vcxproj", "{82D55A68-2299-4655-8C12-E478E5D72989}"
EndProject
Project("{8BC9CEB8-8B4A-11D0-8D11-00A0C91BC942}") = "tm_32_16_test", "tm_32_16_test\tm_32_16_test.vcxproj", "{790328D2-3EF0-4065-8333-87B6DE7170B8}"
EndProject
Project("{8BC9CEB8-8B4A-11D0-8D11-00A0C91BC942}") = "tm_64_16_test", "tm_64_16_test\tm_64_16_test.vcxproj", "{8FB22887-C536-497E-8C98-A2AEEF5783B8}"
EndProject
Project("{8BC9CEB8-8B4A-11D0-8D11-00A0C91BC942}") = "tm_128bit_test", "tm_128bit_test\tm_128bit_test.vcxproj", "{57F6372F-665D-49AF-AC6A-F3AF09F24410}"
EndProject
Project("{8BC9CEB8-8B4A-11D0-8D11-00A0C91BC942}") = "tm_avx_test", "tm_avx_test\tm_avx_test.vcxproj", "{D9601486-7DDA-413B-9A46-C9FCA5405566}"
EndProject
Project("{8BC9CEB8-8B4A-11D0-8D11-00A0C91BC942}") = "tm_avx_asm_test", "tm_avx_asm_test\tm_avx_asm_test.vcxproj", "{27D1CF92-1264-4615-87BD-55FC4E30C0A8}"
EndProject
Project("{8BC9CEB8-8B4A-11D0-8D11-00A0C91BC942}") = "tm_avx_in_cpu_test", "tm_avx_in_cpu_test\tm_avx_in_cpu_test.vcxproj", "{53C08328-2A0A-4791-8103-5381163D382A}"
EndProject
Project("{8BC9CEB8-8B4A-11D0-8D11-00A0C91BC942}") = "tm_avx2_test", "tm_avx2_test\tm_avx2_test.vcxproj", "{49092DCE-4AA5-4A9C-A1AF-A59A1114C590}"
EndProject
Project("{8BC9CEB8-8B4A-11D0-8D11-00A0C91BC942}") = "tm_avx_full", "tm_avx_full\tm_avx_full.vcxproj", "{1C06ABD4-26A0-452E-98F7-20426CFDF81C}"
EndProject
Project("{8BC9CEB8-8B4A-11D0-8D11-00A0C91BC942}") = "tm_opencl_32_8_test", "tm_opencl_32_8_test\tm_opencl_32_8_test.vcxproj", "{625DC25A-7231-4666-9C05-70485613BCFD}"
EndProject
Project("{8BC9CEB8-8B4A-11D0-8D11-00A0C91BC942}") = "tm_opencl_32_16_test", "tm_opencl_32_16_test\tm_opencl_32_16_test.vcxproj", "{DD5EB7BD-C563-4CC9-B0E4-C4F23ED3F752}"
EndProject
Project("{8BC9CEB8-8B4A-11D0-8D11-00A0C91BC942}") = "tm_opencl_old", "tm_opencl_old\tm_opencl_old.vcxproj", "{DD02FE2A-1930-4ABE-8A2A-FE7DDA2A01F8}"
EndProject
Project("{8BC9CEB8-8B4A-11D0-8D11-00A0C91BC942}") = "tm_32_8_test", "tm_32_8_test\tm_32_8_test.vcxproj", "{164D485C-06F4-48D3-ACEA-F17D3142BB22}"
EndProject
Global
	GlobalSection(SolutionConfigurationPlatforms) = preSolution
		Debug|Mixed Platforms = Debug|Mixed Platforms
		Debug|Win32 = Debug|Win32
		Debug|x64 = Debug|x64
		Release|Mixed Platforms = Release|Mixed Platforms
		Release|Win32 = Release|Win32
		Release|x64 = Release|x64
	EndGlobalSection
	GlobalSection(ProjectConfigurationPlatforms) = postSolution
		{82D55A68-2299-4655-8C12-E478E5D72989}.Debug|Mixed Platforms.ActiveCfg = Debug|Win32
		{82D55A68-2299-4655-8C12-E478E5D72989}.Debug|Mixed Platforms.Build.0 = Debug|Win32
		{82D55A68-2299-4655-8C12-E478E5D72989}.Debug|Win32.ActiveCfg = Debug|Win32
		{82D55A68-2299-4655-8C12-E478E5D72989}.Debug|Win32.Build.0 = Debug|Win32
		{82D55A68-2299-4655-8C12-E478E5D72989}.Debug|x64.ActiveCfg = Debug|x64
		{82D55A68-2299-4655-8C12-E478E5D72989}.Debug|x64.Build.0 = Debug|x64
		{82D55A68-2299-4655-8C12-E478E5D72989}.Release|Mixed Platforms.ActiveCfg = Release|Win32
		{82D55A68-2299-4655-8C12-E478E5D72989}.Release|Mixed Platforms.Build.0 = Release|Win32
		{82D55A68-2299-4655-8C12-E478E5D72989}.Release|Win32.ActiveCfg = Release|Win32
		{82D55A68-2299-4655-8C12-E478E5D72989}.Release|Win32.Build.0 = Release|Win32
		{82D55A68-2299-4655-8C12-E478E5D72989}.Release|x64.ActiveCfg = Release|x64
		{82D55A68-2299-4655-8C12-E478E5D72989}.Release|x64.Build.0 = Release|x64
		{790328D2-3EF0-4065-8333-87B6DE7170B8}.Debug|Mixed Platforms.ActiveCfg = Debug|Win32
		{790328D2-3EF0-4065-8333-87B6DE7170B8}.Debug|Mixed Platforms.Build.0 = Debug|Win32
		{790328D2-3EF0-4065-8333-87B6DE7170B8}.Debug|Win32.ActiveCfg = Debug|Win32
		{790328D2-3EF0-4065-8333-87B6DE7170B8}.Debug|Win32.Build.0 = Debug|Win32
		{790328D2-3EF0-4065-8333-87B6DE7170B8}.Debug|x64.ActiveCfg = Debug|x64
		{790328D2-3EF0-4065-8333-87B6DE7170B8}.Debug|x64.Build.0 = Debug|x64
		{790328D2-3EF0-4065-8333-87B6DE7170B8}.Release|Mixed Platforms.ActiveCfg = Release|Win32
		{790328D2-3EF0-4065-8333-87B6DE7170B8}.Release|Mixed Platforms.Build.0 = Release|Win32
		{790328D2-3EF0-4065-8333-87B6DE7170B8}.Release|Win32.ActiveCfg = Release|Win32
		{790328D2-3EF0-4065-8333-87B6DE7170B8}.Release|Win32.Build.0 = Release|Win32
		{790328D2-3EF0-4065-8333-87B6DE7170B8}.Release|x64.ActiveCfg = Release|x64
		{790328D2-3EF0-4065-8333-87B6DE7170B8}.Release|x64.Build.0 = Release|x64
		{8FB22887-C536-497E-8C98-A2AEEF5783B8}.Debug|Mixed Platforms.ActiveCfg = Debug|Win32
		{8FB22887-C536-497E-8C98-A2AEEF5783B8}.Debug|Mixed Platforms.Build.0 = Debug|Win32
		{8FB22887-C536-497E-8C98-A2AEEF5783B8}.Debug|Win32.ActiveCfg = Debug|Win32
		{8FB22887-C536-497E-8C98-A2AEEF5783B8}.Debug|Win32.Build.0 = Debug|Win32
		{8FB22887-C536-497E-8C98-A2AEEF5783B8}.Debug|x64.ActiveCfg = Debug|x64
		{8FB22887-C536-497E-8C98-A2AEEF5783B8}.Debug|x64.Build.0 = Debug|x64
		{8FB22887-C536-497E-8C98-A2AEEF5783B8}.Release|Mixed Platforms.ActiveCfg = Release|Win32
		{8FB22887-C536-497E-8C98-A2AEEF5783B8}.Release|Mixed Platforms.Build.0 = Release|Win32
		{8FB22887-C536-497E-8C98-A2AEEF5783B8}.Release|Win32.ActiveCfg = Release|Win32
		{8FB22887-C536-497E-8C98-A2AEEF5783B8}.Release|Win32.Build.0 = Release|Win32
		{8FB22887-C536-497E-8C98-A2AEEF5783B8}.Release|x64.ActiveCfg = Release|x64
		{8FB22887-C536-497E-8C98-A2AEEF5783B8}.Release|x64.Build.0 = Release|x64
		{57F6372F-665D-49AF-AC6A-F3AF09F24410}.Debug|Mixed Platforms.ActiveCfg = Debug|Win32
		{57F6372F-665D-49AF-AC6A-F3AF09F24410}.Debug|Mixed Platforms.Build.0 = Debug|Win32
		{57F6372F-665D-49AF-AC6A-F3AF09F24410}.Debug|Win32.ActiveCfg = Debug|Win32
		{57F6372F-665D-49AF-AC6A-F3AF09F24410}.Debug|Win32.Build.0 = Debug|Win32
		{57F6372F-665D-49AF-AC6A-F3AF09F24410}.Debug|x64.ActiveCfg = Debug|x64
		{57F6372F-665D-49AF-AC6A-F3AF09F24410}.Debug|x64.Build.0 = Debug|x64
		{57F6372F-665D-49AF-AC6A-F3AF09F24410}.Release|Mixed Platforms.ActiveCfg = Release|Win32
		{57F6372F-665D-49AF-AC6A-F3AF09F24410}.Release|Mixed Platforms.Build.0 = Release|Win32
		{57F6372F-665D-49AF-AC6A-F3AF09F24410}.Release|Win32.ActiveCfg = Release|Win32
		{57F6372F-665D-49AF-AC6A-F3AF09F24410}.Release|Win32.Build.0 = Release|Win32
		{57F6372F-665D-49AF-AC6A-F3AF09F24410}.Release|x64.ActiveCfg = Release|x64
		{57F6372F-665D-49AF-AC6A-F3AF09F24410}.Release|x64.Build.0 = Release|x64
		{D9601486-7DDA-413B-9A46-C9FCA5405566}.Debug|Mixed Platforms.ActiveCfg = Debug|Win32
		{D9601486-7DDA-413B-9A46-C9FCA5405566}.Debug|Mixed Platforms.Build.0 = Debug|Win32
		{D9601486-7DDA-413B-9A46-C9FCA5405566}.Debug|Win32.ActiveCfg = Debug|Win32
		{D9601486-7DDA-413B-9A46-C9FCA5405566}.Debug|Win32.Build.0 = Debug|Win32
		{D9601486-7DDA-413B-9A46-C9FCA5405566}.Debug|x64.ActiveCfg = Debug|x64
		{D9601486-7DDA-413B-9A46-C9FCA5405566}.Debug|x64.Build.0 = Debug|x64
		{D9601486-7DDA-413B-9A46-C9FCA5405566}.Release|Mixed Platforms.ActiveCfg = Release|Win32
		{D9601486-7DDA-413B-9A46-C9FCA5405566}.Release|Mixed Platforms.Build.0 = Release|Win32
		{D9601486-7DDA-413B-9A46-C9FCA5405566}.Release|Win32.ActiveCfg = Release|Win32
		{D9601486-7DDA-413B-9A46-C9FCA5405566}.Release|Win32.Build.0 = Release|Win32
		{D9601486-7DDA-413B-9A46-C9FCA5405566}.Release|x64.ActiveCfg = Release|x64
		{D9601486-7DDA-413B-9A46-C9FCA5405566}.Release|x64.Build.0 = Release|x64
		{27D1CF92-1264-4615-87BD-55FC4E30C0A8}.Debug|Mixed Platforms.ActiveCfg = Debug|x64
		{27D1CF92-1264-4615-87BD-55FC4E30C0A8}.Debug|Mixed Platforms.Build.0 = Debug|x64
		{27D1CF92-1264-4615-87BD-55FC4E30C0A8}.Debug|Win32.ActiveCfg = Debug|x64
		{27D1CF92-1264-4615-87BD-55FC4E30C0A8}.Debug|x64.ActiveCfg = Debug|x64
		{27D1CF92-1264-4615-87BD-55FC4E30C0A8}.Release|Mixed Platforms.ActiveCfg = Release|x64
		{27D1CF92-1264-4615-87BD-55FC4E30C0A8}.Release|Mixed Platforms.Build.0 = Release|x64
		{27D1CF92-1264-4615-87BD-55FC4E30C0A8}.Release|Win32.ActiveCfg = Release|x64
		{27D1CF92-1264-4615-87BD-55FC4E30C0A8}.Release|x64.ActiveCfg = Release|x64
		{53C08328-2A0A-4791-8103-5381163D382A}.Debug|Mixed Platforms.ActiveCfg = Debug|Win32
		{53C08328-2A0A-4791-8103-5381163D382A}.Debug|Mixed Platforms.Build.0 = Debug|Win32
		{53C08328-2A0A-4791-8103-5381163D382A}.Debug|Win32.ActiveCfg = Debug|Win32
		{53C08328-2A0A-4791-8103-5381163D382A}.Debug|Win32.Build.0 = Debug|Win32
		{53C08328-2A0A-4791-8103-5381163D382A}.Debug|x64.ActiveCfg = Debug|x64
		{53C08328-2A0A-4791-8103-5381163D382A}.Debug|x64.Build.0 = Debug|x64
		{53C08328-2A0A-4791-8103-5381163D382A}.Release|Mixed Platforms.ActiveCfg = Release|Win32
		{53C08328-2A0A-4791-8103-5381163D382A}.Release|Mixed Platforms.Build.0 = Release|Win32
		{53C08328-2A0A-4791-8103-5381163D382A}.Release|Win32.ActiveCfg = Release|Win32
		{53C08328-2A0A-4791-8103-5381163D382A}.Release|Win32.Build.0 = Release|Win32
		{53C08328-2A0A-4791-8103-5381163D382A}.Release|x64.ActiveCfg = Release|x64
		{53C08328-2A0A-4791-8103-5381163D382A}.Release|x64.Build.0 = Release|x64
		{49092DCE-4AA5-4A9C-A1AF-A59A1114C590}.Debug|Mixed Platforms.ActiveCfg = Debug|Win32
		{49092DCE-4AA5-4A9C-A1AF-A59A1114C590}.Debug|Mixed Platforms.Build.0 = Debug|Win32
		{49092DCE-4AA5-4A9C-A1AF-A59A1114C590}.Debug|Win32.ActiveCfg = Debug|Win32
		{49092DCE-4AA5-4A9C-A1AF-A59A1114C590}.Debug|Win32.Build.0 = Debug|Win32
		{49092DCE-4AA5-4A9C-A1AF-A59A1114C590}.Debug|x64.ActiveCfg = Debug|x64
		{49092DCE-4AA5-4A9C-A1AF-A59A1114C590}.Debug|x64.Build.0 = Debug|x64
		{49092DCE-4AA5-4A9C-A1AF-A59A1114C590}.Release|Mixed Platforms.ActiveCfg = Release|Win32
		{49092DCE-4AA5-4A9C-A1AF-A59A1114C590}.Release|Mixed Platforms.Build.0 = Release|Win32
		{49092DCE-4AA5-4A9C-A1AF-A59A1114C590}.Release|Win32.ActiveCfg = Release|Win32
		{49092DCE-4AA5-4A9C-A1AF-A59A1114C590}.Release|Win32.Build.0 = Release|Win32
		{49092DCE-4AA5-4A9C-A1AF-A59A1114C590}.Release|x64.ActiveCfg = Release|x64
		{49092DCE-4AA5-4A9C-A1AF-A59A1114C590}.Release|x64.Build.0 = Release|x64
		{1C06ABD4-26A0-452E-98F7-20426CFDF81C}.Debug|Mixed Platforms.ActiveCfg = Debug|Win32
		{1C06ABD4-26A0-452E-98F7-20426CFDF81C}.Debug|Mixed Platforms.Build.0 = Debug|Win32
		{1C06ABD4-26A0-452E-98F7-20426CFDF81C}.Debug|Win32.ActiveCfg = Debug|Win32
		{1C06ABD4-26A0-452E-98F7-20426CFDF81C}.Debug|Win32.Build.0 = Debug|Win32
		{1C06ABD4-26A0-452E-98F7-20426CFDF81C}.Debug|x64.ActiveCfg = Debug|x64
		{1C06ABD4-26A0-452E-98F7-20426CFDF81C}.Debug|x64.Build.0 = Debug|x64
		{1C06ABD4-26A0-452E-98F7-20426CFDF81C}.Release|Mixed Platforms.ActiveCfg = Release|Win32
		{1C06ABD4-26A0-452E-98F7-20426CFDF81C}.Release|Mixed Platforms.Build.0 = Release|Win32
		{1C06ABD4-26A0-452E-98F7-20426CFDF81C}.Release|Win32.ActiveCfg = Release|Win32
		{1C06ABD4-26A0-452E-98F7-20426CFDF81C}.Release|Win32.Build.0 = Release|Win32
		{1C06ABD4-26A0-452E-98F7-20426CFDF81C}.Release|x64.ActiveCfg = Release|x64
		{1C06ABD4-26A0-452E-98F7-20426CFDF81C}.Release|x64.Build.0 = Release|x64
		{625DC25A-7231-4666-9C05-70485613BCFD}.Debug|Mixed Platforms.ActiveCfg = Debug|Win32
		{625DC25A-7231-4666-9C05-70485613BCFD}.Debug|Mixed Platforms.Build.0 = Debug|Win32
		{625DC25A-7231-4666-9C05-70485613BCFD}.Debug|Win32.ActiveCfg = Debug|Win32
		{625DC25A-7231-4666-9C05-70485613BCFD}.Debug|Win32.Build.0 = Debug|Win32
		{625DC25A-7231-4666-9C05-70485613BCFD}.Debug|x64.ActiveCfg = Debug|x64
		{625DC25A-7231-4666-9C05-70485613BCFD}.Debug|x64.Build.0 = Debug|x64
		{625DC25A-7231-4666-9C05-70485613BCFD}.Release|Mixed Platforms.ActiveCfg = Release|Win32
		{625DC25A-7231-4666-9C05-70485613BCFD}.Release|Mixed Platforms.Build.0 = Release|Win32
		{625DC25A-7231-4666-9C05-70485613BCFD}.Release|Win32.ActiveCfg = Release|Win32
		{625DC25A-7231-4666-9C05-70485613BCFD}.Release|Win32.Build.0 = Release|Win32
		{625DC25A-7231-4666-9C05-70485613BCFD}.Release|x64.ActiveCfg = Release|x64
		{625DC25A-7231-4666-9C05-70485613BCFD}.Release|x64.Build.0 = Release|x64
		{DD5EB7BD-C563-4CC9-B0E4-C4F23ED3F752}.Debug|Mixed Platforms.ActiveCfg = Debug|Win32
		{DD5EB7BD-C563-4CC9-B0E4-C4F23ED3F752}.Debug|Mixed Platforms.Build.0 = Debug|Win32
		{DD5EB7BD-C563-4CC9-B0E4-C4F23ED3F752}.Debug|Win32.ActiveCfg = Debug|Win32
		{DD5EB7BD-C563-4CC9-B0E4-C4F23ED3F752}.Debug|Win32.Build.0 = Debug|Win32
		{DD5EB7BD-C563-4CC9-B0E4-C4F23ED3F752}.Debug|x64.ActiveCfg = Debug|x64
		{DD5EB7BD-C563-4CC9-B0E4-C4F23ED3F752}.Debug|x64.Build.0 = Debug|x64
		{DD5EB7BD-C563-4CC9-B0E4-C4F23ED3F752}.Release|Mixed Platforms.ActiveCfg = Release|Win32
		{DD5EB7BD-C563-4CC9-B0E4-C4F23ED3F752}.Release|Mixed Platforms.Build.0 = Release|Win32
		{DD5EB7BD-C563-4CC9-B0E4-C4F23ED3F752}.Release|Win32.ActiveCfg = Release|Win32
		{DD5EB7BD-C563-4CC9-B0E4-C4F23ED3F752}.Release|Win32.Build.0 = Release|Win32
		{DD5EB7BD-C563-4CC9-B0E4-C4F23ED3F752}.Release|x64.ActiveCfg = Release|x64
		{DD5EB7BD-C563-4CC9-B0E4-C4F23ED3F752}.Release|x64.Build.0 = Release|x64
		{DD02FE2A-1930-4ABE-8A2A-FE7DDA2A01F8}.Debug|Mixed Platforms.ActiveCfg = Debug|Win32
		{DD02FE2A-1930-4ABE-8A2A-FE7DDA2A01F8}.Debug|Mixed Platforms.Build.0 = Debug|Win32
		{DD02FE2A-1930-4ABE-8A2A-FE7DDA2A01F8}.Debug|Win32.ActiveCfg = Debug|Win32
		{DD02FE2A-1930-4ABE-8A2A-FE7DDA2A01F8}.Debug|Win32.Build.0 = Debug|Win32
		{DD02FE2A-1930-4ABE-8A2A-FE7DDA2A01F8}.Debug|x64.ActiveCfg = Debug|x64
		{DD02FE2A-1930-4ABE-8A2A-FE7DDA2A01F8}.Debug|x64.Build.0 = Debug|x64
		{DD02FE2A-1930-4ABE-8A2A-FE7DDA2A01F8}.Release|Mixed Platforms.ActiveCfg = Release|Win32
		{DD02FE2A-1930-4ABE-8A2A-FE7DDA2A01F8}.Release|Mixed Platforms.Build.0 = Release|Win32
		{DD02FE2A-1930-4ABE-8A2A-FE7DDA2A01F8}.Release|Win32.ActiveCfg = Release|Win32
		{DD02FE2A-1930-4ABE-8A2A-FE7DDA2A01F8}.Release|Win32.Build.0 = Release|Win32
		{DD02FE2A-1930-4ABE-8A2A-FE7DDA2A01F8}.Release|x64.ActiveCfg = Release|x64
		{DD02FE2A-1930-4ABE-8A2A-FE7DDA2A01F8}.Release|x64.Build.0 = Release|x64
		{164D485C-06F4-48D3-ACEA-F17D3142BB22}.Debug|Mixed Platforms.ActiveCfg = Debug|Win32
		{164D485C-06F4-48D3-ACEA-F17D3142BB22}.Debug|Mixed Platforms.Build.0 = Debug|Win32
		{164D485C-06F4-48D3-ACEA-F17D3142BB22}.Debug|Win32.ActiveCfg = Debug|Win32
		{164D485C-06F4-48D3-ACEA-F17D3142BB22}.Debug|Win32.Build.0 = Debug|Win32
		{164D485C-06F4-48D3-ACEA-F17D3142BB22}.Debug|x64.ActiveCfg = Debug|x64
		{164D485C-06F4-48D3-ACEA-F17D3142BB22}.Debug|x64.Build.0 = Debug|x64
		{164D485C-06F4-48D3-ACEA-F17D3142BB22}.Release|Mixed Platforms.ActiveCfg = Release|Win32
		{164D485C-06F4-48D3-ACEA-F17D3142BB22}.Release|Mixed Platforms.Build.0 = Release|Win32
		{164D485C-06F4-48D3-ACEA-F17D3142BB22}.Release|Win32.ActiveCfg = Release|Win32
		{164D485C-06F4-48D3-ACEA-F17D3142BB22}.Release|Win32.Build.0 = Release|Win32
		{164D485C-06F4-48D3-ACEA-F17D3142BB22}.Release|x64.ActiveCfg = Release|x64
		{164D485C-06F4-48D3-ACEA-F17D3142BB22}.Release|x64.Build.0 = Release|x64
	EndGlobalSection
	GlobalSection(SolutionProperties) = preSolution
		HideSolutionNode = FALSE
	EndGlobalSection
EndGlobal
