
Microsoft Visual Studio Solution File, Format Version 12.00
# Visual Studio Version 16
VisualStudioVersion = 16.0.29613.14
MinimumVisualStudioVersion = 10.0.40219.1
Project("{8BC9CEB8-8B4A-11D0-8D11-00A0C91BC942}") = "tm_avx2_test", "tm_avx2_test\tm_avx2_test.vcxproj", "{49092DCE-4AA5-4A9C-A1AF-A59A1114C590}"
EndProject
Project("{8BC9CEB8-8B4A-11D0-8D11-00A0C91BC942}") = "tm_opencl_32_8_test", "tm_opencl_32_8_test\tm_opencl_32_8_test.vcxproj", "{625DC25A-7231-4666-9C05-70485613BCFD}"
EndProject
Project("{8BC9CEB8-8B4A-11D0-8D11-00A0C91BC942}") = "tm_opencl_32_16_test", "tm_opencl_32_16_test\tm_opencl_32_16_test.vcxproj", "{DD5EB7BD-C563-4CC9-B0E4-C4F23ED3F752}"
EndProject
Project("{8BC9CEB8-8B4A-11D0-8D11-00A0C91BC942}") = "tm_opencl_old", "tm_opencl_old\tm_opencl_old.vcxproj", "{DD02FE2A-1930-4ABE-8A2A-FE7DDA2A01F8}"
EndProject
Project("{8BC9CEB8-8B4A-11D0-8D11-00A0C91BC942}") = "classes_test", "classes_test\classes_test.vcxproj", "{FD0F8547-224D-4CDF-93DC-8A3377B7766C}"
EndProject
Global
	GlobalSection(SolutionConfigurationPlatforms) = preSolution
		Debug|Mixed Platforms = Debug|Mixed Platforms
		Debug|Win32 = Debug|Win32
		Debug|x64 = Debug|x64
		Release|Mixed Platforms = Release|Mixed Platforms
		Release|Win32 = Release|Win32
		Release|x64 = Release|x64
		Test|Mixed Platforms = Test|Mixed Platforms
		Test|Win32 = Test|Win32
		Test|x64 = Test|x64
	EndGlobalSection
	GlobalSection(ProjectConfigurationPlatforms) = postSolution
		{49092DCE-4AA5-4A9C-A1AF-A59A1114C590}.Debug|Mixed Platforms.ActiveCfg = Debug|Win32
		{49092DCE-4AA5-4A9C-A1AF-A59A1114C590}.Debug|Mixed Platforms.Build.0 = Debug|Win32
		{49092DCE-4AA5-4A9C-A1AF-A59A1114C590}.Debug|Win32.ActiveCfg = Debug|Win32
		{49092DCE-4AA5-4A9C-A1AF-A59A1114C590}.Debug|Win32.Build.0 = Debug|Win32
		{49092DCE-4AA5-4A9C-A1AF-A59A1114C590}.Debug|x64.ActiveCfg = Debug|x64
		{49092DCE-4AA5-4A9C-A1AF-A59A1114C590}.Debug|x64.Build.0 = Debug|x64
		{49092DCE-4AA5-4A9C-A1AF-A59A1114C590}.Release|Mixed Platforms.ActiveCfg = Release|Win32
		{49092DCE-4AA5-4A9C-A1AF-A59A1114C590}.Release|Mixed Platforms.Build.0 = Release|Win32
		{49092DCE-4AA5-4A9C-A1AF-A59A1114C590}.Release|Win32.ActiveCfg = Release|Win32
		{49092DCE-4AA5-4A9C-A1AF-A59A1114C590}.Release|Win32.Build.0 = Release|Win32
		{49092DCE-4AA5-4A9C-A1AF-A59A1114C590}.Release|x64.ActiveCfg = Release|x64
		{49092DCE-4AA5-4A9C-A1AF-A59A1114C590}.Release|x64.Build.0 = Release|x64
		{49092DCE-4AA5-4A9C-A1AF-A59A1114C590}.Test|Mixed Platforms.ActiveCfg = Test|Win32
		{49092DCE-4AA5-4A9C-A1AF-A59A1114C590}.Test|Mixed Platforms.Build.0 = Test|Win32
		{49092DCE-4AA5-4A9C-A1AF-A59A1114C590}.Test|Win32.ActiveCfg = Test|Win32
		{49092DCE-4AA5-4A9C-A1AF-A59A1114C590}.Test|Win32.Build.0 = Test|Win32
		{49092DCE-4AA5-4A9C-A1AF-A59A1114C590}.Test|x64.ActiveCfg = Test|x64
		{49092DCE-4AA5-4A9C-A1AF-A59A1114C590}.Test|x64.Build.0 = Test|x64
		{625DC25A-7231-4666-9C05-70485613BCFD}.Debug|Mixed Platforms.ActiveCfg = Debug|Win32
		{625DC25A-7231-4666-9C05-70485613BCFD}.Debug|Mixed Platforms.Build.0 = Debug|Win32
		{625DC25A-7231-4666-9C05-70485613BCFD}.Debug|Win32.ActiveCfg = Debug|Win32
		{625DC25A-7231-4666-9C05-70485613BCFD}.Debug|Win32.Build.0 = Debug|Win32
		{625DC25A-7231-4666-9C05-70485613BCFD}.Debug|x64.ActiveCfg = Debug|x64
		{625DC25A-7231-4666-9C05-70485613BCFD}.Debug|x64.Build.0 = Debug|x64
		{625DC25A-7231-4666-9C05-70485613BCFD}.Release|Mixed Platforms.ActiveCfg = Release|Win32
		{625DC25A-7231-4666-9C05-70485613BCFD}.Release|Mixed Platforms.Build.0 = Release|Win32
		{625DC25A-7231-4666-9C05-70485613BCFD}.Release|Win32.ActiveCfg = Release|Win32
		{625DC25A-7231-4666-9C05-70485613BCFD}.Release|Win32.Build.0 = Release|Win32
		{625DC25A-7231-4666-9C05-70485613BCFD}.Release|x64.ActiveCfg = Release|x64
		{625DC25A-7231-4666-9C05-70485613BCFD}.Release|x64.Build.0 = Release|x64
		{625DC25A-7231-4666-9C05-70485613BCFD}.Test|Mixed Platforms.ActiveCfg = Test|Win32
		{625DC25A-7231-4666-9C05-70485613BCFD}.Test|Mixed Platforms.Build.0 = Test|Win32
		{625DC25A-7231-4666-9C05-70485613BCFD}.Test|Win32.ActiveCfg = Test|Win32
		{625DC25A-7231-4666-9C05-70485613BCFD}.Test|Win32.Build.0 = Test|Win32
		{625DC25A-7231-4666-9C05-70485613BCFD}.Test|x64.ActiveCfg = Test|x64
		{625DC25A-7231-4666-9C05-70485613BCFD}.Test|x64.Build.0 = Test|x64
		{DD5EB7BD-C563-4CC9-B0E4-C4F23ED3F752}.Debug|Mixed Platforms.ActiveCfg = Debug|Win32
		{DD5EB7BD-C563-4CC9-B0E4-C4F23ED3F752}.Debug|Mixed Platforms.Build.0 = Debug|Win32
		{DD5EB7BD-C563-4CC9-B0E4-C4F23ED3F752}.Debug|Win32.ActiveCfg = Debug|Win32
		{DD5EB7BD-C563-4CC9-B0E4-C4F23ED3F752}.Debug|Win32.Build.0 = Debug|Win32
		{DD5EB7BD-C563-4CC9-B0E4-C4F23ED3F752}.Debug|x64.ActiveCfg = Debug|x64
		{DD5EB7BD-C563-4CC9-B0E4-C4F23ED3F752}.Debug|x64.Build.0 = Debug|x64
		{DD5EB7BD-C563-4CC9-B0E4-C4F23ED3F752}.Release|Mixed Platforms.ActiveCfg = Release|Win32
		{DD5EB7BD-C563-4CC9-B0E4-C4F23ED3F752}.Release|Mixed Platforms.Build.0 = Release|Win32
		{DD5EB7BD-C563-4CC9-B0E4-C4F23ED3F752}.Release|Win32.ActiveCfg = Release|Win32
		{DD5EB7BD-C563-4CC9-B0E4-C4F23ED3F752}.Release|Win32.Build.0 = Release|Win32
		{DD5EB7BD-C563-4CC9-B0E4-C4F23ED3F752}.Release|x64.ActiveCfg = Release|x64
		{DD5EB7BD-C563-4CC9-B0E4-C4F23ED3F752}.Release|x64.Build.0 = Release|x64
		{DD5EB7BD-C563-4CC9-B0E4-C4F23ED3F752}.Test|Mixed Platforms.ActiveCfg = Test|Win32
		{DD5EB7BD-C563-4CC9-B0E4-C4F23ED3F752}.Test|Mixed Platforms.Build.0 = Test|Win32
		{DD5EB7BD-C563-4CC9-B0E4-C4F23ED3F752}.Test|Win32.ActiveCfg = Test|Win32
		{DD5EB7BD-C563-4CC9-B0E4-C4F23ED3F752}.Test|Win32.Build.0 = Test|Win32
		{DD5EB7BD-C563-4CC9-B0E4-C4F23ED3F752}.Test|x64.ActiveCfg = Test|x64
		{DD5EB7BD-C563-4CC9-B0E4-C4F23ED3F752}.Test|x64.Build.0 = Test|x64
		{DD02FE2A-1930-4ABE-8A2A-FE7DDA2A01F8}.Debug|Mixed Platforms.ActiveCfg = Debug|Win32
		{DD02FE2A-1930-4ABE-8A2A-FE7DDA2A01F8}.Debug|Mixed Platforms.Build.0 = Debug|Win32
		{DD02FE2A-1930-4ABE-8A2A-FE7DDA2A01F8}.Debug|Win32.ActiveCfg = Debug|Win32
		{DD02FE2A-1930-4ABE-8A2A-FE7DDA2A01F8}.Debug|Win32.Build.0 = Debug|Win32
		{DD02FE2A-1930-4ABE-8A2A-FE7DDA2A01F8}.Debug|x64.ActiveCfg = Debug|x64
		{DD02FE2A-1930-4ABE-8A2A-FE7DDA2A01F8}.Debug|x64.Build.0 = Debug|x64
		{DD02FE2A-1930-4ABE-8A2A-FE7DDA2A01F8}.Release|Mixed Platforms.ActiveCfg = Release|Win32
		{DD02FE2A-1930-4ABE-8A2A-FE7DDA2A01F8}.Release|Mixed Platforms.Build.0 = Release|Win32
		{DD02FE2A-1930-4ABE-8A2A-FE7DDA2A01F8}.Release|Win32.ActiveCfg = Release|Win32
		{DD02FE2A-1930-4ABE-8A2A-FE7DDA2A01F8}.Release|Win32.Build.0 = Release|Win32
		{DD02FE2A-1930-4ABE-8A2A-FE7DDA2A01F8}.Release|x64.ActiveCfg = Release|x64
		{DD02FE2A-1930-4ABE-8A2A-FE7DDA2A01F8}.Release|x64.Build.0 = Release|x64
		{DD02FE2A-1930-4ABE-8A2A-FE7DDA2A01F8}.Test|Mixed Platforms.ActiveCfg = Test|Win32
		{DD02FE2A-1930-4ABE-8A2A-FE7DDA2A01F8}.Test|Mixed Platforms.Build.0 = Test|Win32
		{DD02FE2A-1930-4ABE-8A2A-FE7DDA2A01F8}.Test|Win32.ActiveCfg = Test|Win32
		{DD02FE2A-1930-4ABE-8A2A-FE7DDA2A01F8}.Test|Win32.Build.0 = Test|Win32
		{DD02FE2A-1930-4ABE-8A2A-FE7DDA2A01F8}.Test|x64.ActiveCfg = Test|x64
		{DD02FE2A-1930-4ABE-8A2A-FE7DDA2A01F8}.Test|x64.Build.0 = Test|x64
		{FD0F8547-224D-4CDF-93DC-8A3377B7766C}.Debug|Mixed Platforms.ActiveCfg = Debug|Win32
		{FD0F8547-224D-4CDF-93DC-8A3377B7766C}.Debug|Mixed Platforms.Build.0 = Debug|Win32
		{FD0F8547-224D-4CDF-93DC-8A3377B7766C}.Debug|Win32.ActiveCfg = Debug|Win32
		{FD0F8547-224D-4CDF-93DC-8A3377B7766C}.Debug|Win32.Build.0 = Debug|Win32
		{FD0F8547-224D-4CDF-93DC-8A3377B7766C}.Debug|x64.ActiveCfg = Debug|x64
		{FD0F8547-224D-4CDF-93DC-8A3377B7766C}.Debug|x64.Build.0 = Debug|x64
		{FD0F8547-224D-4CDF-93DC-8A3377B7766C}.Release|Mixed Platforms.ActiveCfg = Release|Win32
		{FD0F8547-224D-4CDF-93DC-8A3377B7766C}.Release|Mixed Platforms.Build.0 = Release|Win32
		{FD0F8547-224D-4CDF-93DC-8A3377B7766C}.Release|Win32.ActiveCfg = Release|Win32
		{FD0F8547-224D-4CDF-93DC-8A3377B7766C}.Release|Win32.Build.0 = Release|Win32
		{FD0F8547-224D-4CDF-93DC-8A3377B7766C}.Release|x64.ActiveCfg = Release|x64
		{FD0F8547-224D-4CDF-93DC-8A3377B7766C}.Release|x64.Build.0 = Release|x64
		{FD0F8547-224D-4CDF-93DC-8A3377B7766C}.Test|Mixed Platforms.ActiveCfg = Release|Win32
		{FD0F8547-224D-4CDF-93DC-8A3377B7766C}.Test|Mixed Platforms.Build.0 = Release|Win32
		{FD0F8547-224D-4CDF-93DC-8A3377B7766C}.Test|Win32.ActiveCfg = Release|Win32
		{FD0F8547-224D-4CDF-93DC-8A3377B7766C}.Test|Win32.Build.0 = Release|Win32
		{FD0F8547-224D-4CDF-93DC-8A3377B7766C}.Test|x64.ActiveCfg = Release|x64
		{FD0F8547-224D-4CDF-93DC-8A3377B7766C}.Test|x64.Build.0 = Release|x64
	EndGlobalSection
	GlobalSection(SolutionProperties) = preSolution
		HideSolutionNode = FALSE
	EndGlobalSection
	GlobalSection(ExtensibilityGlobals) = postSolution
		SolutionGuid = {412BCAFB-434E-451F-8FD9-5CFD863C9143}
	EndGlobalSection
EndGlobal
